
Microsoft Visual Studio Solution File, Format Version 12.00
# Visual Studio Version 16
VisualStudioVersion = 16.0.31313.79
MinimumVisualStudioVersion = 10.0.40219.1
Project("{FAE04EC0-301F-11D3-BF4B-00C04F79EFBC}") = "DictionaryCountOccurances", "DictionaryCountOccurances\DictionaryCountOccurances.csproj", "{C2AE600B-FF68-421C-B977-DB4DFDEF2A8E}"
EndProject
Global
	GlobalSection(SolutionConfigurationPlatforms) = preSolution
		Debug|Any CPU = Debug|Any CPU
		Release|Any CPU = Release|Any CPU
	EndGlobalSection
	GlobalSection(ProjectConfigurationPlatforms) = postSolution
		{C2AE600B-FF68-421C-B977-DB4DFDEF2A8E}.Debug|Any CPU.ActiveCfg = Debug|Any CPU
		{C2AE600B-FF68-421C-B977-DB4DFDEF2A8E}.Debug|Any CPU.Build.0 = Debug|Any CPU
		{C2AE600B-FF68-421C-B977-DB4DFDEF2A8E}.Release|Any CPU.ActiveCfg = Release|Any CPU
		{C2AE600B-FF68-421C-B977-DB4DFDEF2A8E}.Release|Any CPU.Build.0 = Release|Any CPU
	EndGlobalSection
	GlobalSection(SolutionProperties) = preSolution
		HideSolutionNode = FALSE
	EndGlobalSection
	GlobalSection(ExtensibilityGlobals) = postSolution
		SolutionGuid = {F2DB2B02-989E-44C1-8FB5-9A0A473AB001}
	EndGlobalSection
EndGlobal
